<?xml version="1.0" encoding="utf-8"?>
<Project ToolsVersion="4.0" xmlns="http://schemas.microsoft.com/developer/msbuild/2003">
  <ItemGroup>
    <Filter Include="Source Files">
      <UniqueIdentifier>{4FC737F1-C7A5-4376-A066-2A32D752A2FF}</UniqueIdentifier>
      <Extensions>cpp;c;cc;cxx;def;odl;idl;hpj;bat;asm;asmx</Extensions>
    </Filter>
    <Filter Include="Header Files">
      <UniqueIdentifier>{93995380-89BD-4b04-88EB-625FBE52EBFB}</UniqueIdentifier>
      <Extensions>h;hh;hpp;hxx;hm;inl;inc;xsd</Extensions>
    </Filter>
    <Filter Include="Resource Files">
      <UniqueIdentifier>{67DA6AB6-F800-4c08-8B7A-83BB121AAD01}</UniqueIdentifier>
      <Extensions>rc;ico;cur;bmp;dlg;rc2;rct;bin;rgs;gif;jpg;jpeg;jpe;resx;tiff;tif;png;wav</Extensions>
    </Filter>
  </ItemGroup>
  <ItemGroup>
    <ClCompile Include="audio.c">
      <Filter>Source Files</Filter>
    </ClCompile>
    <ClCompile Include="core.c">
      <Filter>Source Files</Filter>
    </ClCompile>
    <ClCompile Include="models.c">
      <Filter>Source Files</Filter>
    </ClCompile>
    <ClCompile Include="rlgl.c">
      <Filter>Source Files</Filter>
    </ClCompile>
    <ClCompile Include="shapes.c">
      <Filter>Source Files</Filter>
    </ClCompile>
    <ClCompile Include="text.c">
      <Filter>Source Files</Filter>
    </ClCompile>
    <ClCompile Include="textures.c">
      <Filter>Source Files</Filter>
    </ClCompile>
    <ClCompile Include="utils.c">
      <Filter>Source Files</Filter>
    </ClCompile>
    <ClCompile Include="external\stb_vorbis.c">
      <Filter>Source Files</Filter>
    </ClCompile>
    <ClCompile Include="external\tinfl.c">
      <Filter>Source Files</Filter>
    </ClCompile>
    <ClCompile Include="external\android\native_app_glue\android_native_app_glue.c">
      <Filter>Source Files</Filter>
    </ClCompile>
    <ClCompile Include="tetris.c">
      <Filter>Source Files</Filter>
    </ClCompile>
  </ItemGroup>
  <ItemGroup>
    <ClInclude Include="audio.h">
      <Filter>Header Files</Filter>
    </ClInclude>
    <ClInclude Include="camera.h">
      <Filter>Header Files</Filter>
    </ClInclude>
    <ClInclude Include="easings.h">
      <Filter>Header Files</Filter>
    </ClInclude>
    <ClInclude Include="gestures.h">
      <Filter>Header Files</Filter>
    </ClInclude>
    <ClInclude Include="physac.h">
      <Filter>Header Files</Filter>
    </ClInclude>
    <ClInclude Include="raylib.h">
      <Filter>Header Files</Filter>
    </ClInclude>
    <ClInclude Include="raymath.h">
      <Filter>Header Files</Filter>
    </ClInclude>
    <ClInclude Include="rlgl.h">
      <Filter>Header Files</Filter>
    </ClInclude>
    <ClInclude Include="rres.h">
      <Filter>Header Files</Filter>
    </ClInclude>
    <ClInclude Include="shader_distortion.h">
      <Filter>Header Files</Filter>
    </ClInclude>
    <ClInclude Include="utils.h">
      <Filter>Header Files</Filter>
    </ClInclude>
    <ClInclude Include="external\dr_flac.h">
      <Filter>Header Files</Filter>
    </ClInclude>
    <ClInclude Include="external\glad.h">
      <Filter>Header Files</Filter>
    </ClInclude>
    <ClInclude Include="external\jar_mod.h">
      <Filter>Header Files</Filter>
    </ClInclude>
    <ClInclude Include="external\jar_xm.h">
      <Filter>Header Files</Filter>
    </ClInclude>
    <ClInclude Include="external\par_shapes.h">
      <Filter>Header Files</Filter>
    </ClInclude>
    <ClInclude Include="external\rgif.h">
      <Filter>Header Files</Filter>
    </ClInclude>
    <ClInclude Include="external\stb_image.h">
      <Filter>Header Files</Filter>
    </ClInclude>
    <ClInclude Include="external\stb_image_resize.h">
      <Filter>Header Files</Filter>
    </ClInclude>
    <ClInclude Include="external\stb_image_write.h">
      <Filter>Header Files</Filter>
    </ClInclude>
    <ClInclude Include="external\stb_perlin.h">
      <Filter>Header Files</Filter>
    </ClInclude>
    <ClInclude Include="external\stb_rect_pack.h">
      <Filter>Header Files</Filter>
    </ClInclude>
    <ClInclude Include="external\stb_truetype.h">
      <Filter>Header Files</Filter>
    </ClInclude>
    <ClInclude Include="external\stb_vorbis.h">
      <Filter>Header Files</Filter>
    </ClInclude>
    <ClInclude Include="external\android\native_app_glue\android_native_app_glue.h">
      <Filter>Header Files</Filter>
    </ClInclude>
    <ClInclude Include="external\include\al\al.h">
      <Filter>Header Files</Filter>
    </ClInclude>
    <ClInclude Include="external\include\al\alc.h">
      <Filter>Header Files</Filter>
    </ClInclude>
    <ClInclude Include="external\include\al\alext.h">
      <Filter>Header Files</Filter>
    </ClInclude>
    <ClInclude Include="external\include\al\efx-creative.h">
      <Filter>Header Files</Filter>
    </ClInclude>
    <ClInclude Include="external\include\al\efx-presets.h">
      <Filter>Header Files</Filter>
    </ClInclude>
    <ClInclude Include="external\include\al\efx.h">
      <Filter>Header Files</Filter>
    </ClInclude>
    <ClInclude Include="external\include\glfw\glfw3.h">
      <Filter>Header Files</Filter>
    </ClInclude>
    <ClInclude Include="external\include\glfw\glfw3native.h">
      <Filter>Header Files</Filter>
    </ClInclude>
  </ItemGroup>
  <ItemGroup>
    <ResourceCompile Include="raylib.rc">
      <Filter>Resource Files</Filter>
    </ResourceCompile>
  </ItemGroup>
</Project>